
Microsoft Visual Studio Solution File, Format Version 12.00
# Visual Studio Version 16
VisualStudioVersion = 16.0.36324.18
MinimumVisualStudioVersion = 10.0.40219.1
Project("{FAE04EC0-301F-11D3-BF4B-00C04F79EFBC}") = "MailApp", "MailApp\MailApp.csproj", "{B454FB87-A7E6-4D83-B7CC-78F653AB0620}"
EndProject
Global
	GlobalSection(SolutionConfigurationPlatforms) = preSolution
		Debug|Any CPU = Debug|Any CPU
		Release|Any CPU = Release|Any CPU
	EndGlobalSection
	GlobalSection(ProjectConfigurationPlatforms) = postSolution
		{B454FB87-A7E6-4D83-B7CC-78F653AB0620}.Debug|Any CPU.ActiveCfg = Debug|Any CPU
		{B454FB87-A7E6-4D83-B7CC-78F653AB0620}.Debug|Any CPU.Build.0 = Debug|Any CPU
		{B454FB87-A7E6-4D83-B7CC-78F653AB0620}.Release|Any CPU.ActiveCfg = Release|Any CPU
		{B454FB87-A7E6-4D83-B7CC-78F653AB0620}.Release|Any CPU.Build.0 = Release|Any CPU
	EndGlobalSection
	GlobalSection(SolutionProperties) = preSolution
		HideSolutionNode = FALSE
	EndGlobalSection
	GlobalSection(ExtensibilityGlobals) = postSolution
		SolutionGuid = {F2E03A52-4C80-4AF8-AE12-2DB99AC612DF}
	EndGlobalSection
EndGlobal
